# This file is autogenerated, do not edit; changes may be undone by the next 'dep ensure'.


[[projects]]
  name = "github.com/eclipse/paho.mqtt.golang"
  packages = ["packets"]
  revision = "aff15770515e3c57fc6109da73d42b0d46f7f483"
  version = "v1.1.0"

[[projects]]
  branch = "master"
  name = "github.com/shouyingo/logwriter"
  packages = ["."]
  revision = "a231be438cdda3b953e82936bf724f7be27342bf"

[[projects]]
  branch = "master"
  name = "github.com/vizee/echo"
  packages = ["."]
  revision = "761871365ec408bc485b1adc89071b450b7a1828"

[[projects]]
  branch = "master"
  name = "github.com/vizee/litebuf"
  packages = ["."]
  revision = "81b0b4b8471c079385c98e67443dcee38f48cb86"

[solve-meta]
  analyzer-name = "dep"
  analyzer-version = 1
  inputs-digest = "23129b043b9bebef60bae5b0d0faecec8da382046a49dca85861875a725e2328"
  solver-name = "gps-cdcl"
  solver-version = 1
